
Microsoft Visual Studio Solution File, Format Version 12.00
# Visual Studio Version 17
VisualStudioVersion = 17.14.36414.22 d17.14
MinimumVisualStudioVersion = 10.0.40219.1
Project("{FAE04EC0-301F-11D3-BF4B-00C04F79EFBC}") = "Books.Domain", "Books.Domain\Books.Domain.csproj", "{1D5B0105-4F2E-4224-AE6E-F292F54F1A83}"
EndProject
Project("{FAE04EC0-301F-11D3-BF4B-00C04F79EFBC}") = "Books.Api", "Books.Api\Books.Api.csproj", "{A302090B-B691-4C39-9F01-62DD7DE333F5}"
EndProject
Project("{FAE04EC0-301F-11D3-BF4B-00C04F79EFBC}") = "Books.Application", "Books.Application\Books.Application.csproj", "{E6035BC7-0742-41D6-BB42-8BBA16EFDE53}"
EndProject
Project("{FAE04EC0-301F-11D3-BF4B-00C04F79EFBC}") = "Books.Infrastructure", "Books.Infrastructure\Books.Infrastructure.csproj", "{4255BA29-4CDC-4CA2-B183-99564814A781}"
EndProject
Global
	GlobalSection(SolutionConfigurationPlatforms) = preSolution
		Debug|Any CPU = Debug|Any CPU
		Release|Any CPU = Release|Any CPU
	EndGlobalSection
	GlobalSection(ProjectConfigurationPlatforms) = postSolution
		{1D5B0105-4F2E-4224-AE6E-F292F54F1A83}.Debug|Any CPU.ActiveCfg = Debug|Any CPU
		{1D5B0105-4F2E-4224-AE6E-F292F54F1A83}.Debug|Any CPU.Build.0 = Debug|Any CPU
		{1D5B0105-4F2E-4224-AE6E-F292F54F1A83}.Release|Any CPU.ActiveCfg = Release|Any CPU
		{1D5B0105-4F2E-4224-AE6E-F292F54F1A83}.Release|Any CPU.Build.0 = Release|Any CPU
		{A302090B-B691-4C39-9F01-62DD7DE333F5}.Debug|Any CPU.ActiveCfg = Debug|Any CPU
		{A302090B-B691-4C39-9F01-62DD7DE333F5}.Debug|Any CPU.Build.0 = Debug|Any CPU
		{A302090B-B691-4C39-9F01-62DD7DE333F5}.Release|Any CPU.ActiveCfg = Release|Any CPU
		{A302090B-B691-4C39-9F01-62DD7DE333F5}.Release|Any CPU.Build.0 = Release|Any CPU
		{E6035BC7-0742-41D6-BB42-8BBA16EFDE53}.Debug|Any CPU.ActiveCfg = Debug|Any CPU
		{E6035BC7-0742-41D6-BB42-8BBA16EFDE53}.Debug|Any CPU.Build.0 = Debug|Any CPU
		{E6035BC7-0742-41D6-BB42-8BBA16EFDE53}.Release|Any CPU.ActiveCfg = Release|Any CPU
		{E6035BC7-0742-41D6-BB42-8BBA16EFDE53}.Release|Any CPU.Build.0 = Release|Any CPU
		{4255BA29-4CDC-4CA2-B183-99564814A781}.Debug|Any CPU.ActiveCfg = Debug|Any CPU
		{4255BA29-4CDC-4CA2-B183-99564814A781}.Debug|Any CPU.Build.0 = Debug|Any CPU
		{4255BA29-4CDC-4CA2-B183-99564814A781}.Release|Any CPU.ActiveCfg = Release|Any CPU
		{4255BA29-4CDC-4CA2-B183-99564814A781}.Release|Any CPU.Build.0 = Release|Any CPU
	EndGlobalSection
	GlobalSection(SolutionProperties) = preSolution
		HideSolutionNode = FALSE
	EndGlobalSection
	GlobalSection(ExtensibilityGlobals) = postSolution
		SolutionGuid = {3019D079-4979-4306-9DAF-B0A93C4F9632}
	EndGlobalSection
EndGlobal
